
Microsoft Visual Studio Solution File, Format Version 12.00
# Visual Studio 15
VisualStudioVersion = 15.0.26730.16
MinimumVisualStudioVersion = 10.0.40219.1
Project("{FAE04EC0-301F-11D3-BF4B-00C04F79EFBC}") = "Server", "Server.csproj", "{D3EB66B6-23E5-4DD1-8AE6-9C1B933C9A0D}"
EndProject
Global
	GlobalSection(SolutionConfigurationPlatforms) = preSolution
		Debug|Any CPU = Debug|Any CPU
		Release|Any CPU = Release|Any CPU
	EndGlobalSection
	GlobalSection(ProjectConfigurationPlatforms) = postSolution
		{D3EB66B6-23E5-4DD1-8AE6-9C1B933C9A0D}.Debug|Any CPU.ActiveCfg = Debug|Any CPU
		{D3EB66B6-23E5-4DD1-8AE6-9C1B933C9A0D}.Debug|Any CPU.Build.0 = Debug|Any CPU
		{D3EB66B6-23E5-4DD1-8AE6-9C1B933C9A0D}.Release|Any CPU.ActiveCfg = Release|Any CPU
		{D3EB66B6-23E5-4DD1-8AE6-9C1B933C9A0D}.Release|Any CPU.Build.0 = Release|Any CPU
	EndGlobalSection
	GlobalSection(SolutionProperties) = preSolution
		HideSolutionNode = FALSE
	EndGlobalSection
	GlobalSection(ExtensibilityGlobals) = postSolution
		SolutionGuid = {4F5F12C5-9AA9-421B-8053-B1789FB3170B}
	EndGlobalSection
EndGlobal
